// !$*UTF8*$!
{
	archiveVersion = 1;
	classes = {
	};
	objectVersion = 46;
	objects = {

/* Begin PBXBuildFile section */
		AA14533D15AAD8D7007E968D /* Cocoa.framework in Frameworks */ = {isa = PBXBuildFile; fileRef = AA14533C15AAD8D7007E968D /* Cocoa.framework */; };
		AA14534715AAD8D7007E968D /* InfoPlist.strings in Resources */ = {isa = PBXBuildFile; fileRef = AA14534515AAD8D7007E968D /* InfoPlist.strings */; };
		AA14534915AAD8D7007E968D /* main.m in Sources */ = {isa = PBXBuildFile; fileRef = AA14534815AAD8D7007E968D /* main.m */; };
		AA14534D15AAD8D7007E968D /* Credits.rtf in Resources */ = {isa = PBXBuildFile; fileRef = AA14534B15AAD8D7007E968D /* Credits.rtf */; };
		AA14535015AAD8D7007E968D /* OpenNavAppDelegate.m in Sources */ = {isa = PBXBuildFile; fileRef = AA14534F15AAD8D7007E968D /* OpenNavAppDelegate.m */; };
		AA14535315AAD8D8007E968D /* MainMenu.xib in Resources */ = {isa = PBXBuildFile; fileRef = AA14535115AAD8D8007E968D /* MainMenu.xib */; };
		AA14535B15AAD8D8007E968D /* SenTestingKit.framework in Frameworks */ = {isa = PBXBuildFile; fileRef = AA14535A15AAD8D8007E968D /* SenTestingKit.framework */; };
		AA14535C15AAD8D8007E968D /* Cocoa.framework in Frameworks */ = {isa = PBXBuildFile; fileRef = AA14533C15AAD8D7007E968D /* Cocoa.framework */; };
		AA14536415AAD8D8007E968D /* InfoPlist.strings in Resources */ = {isa = PBXBuildFile; fileRef = AA14536215AAD8D8007E968D /* InfoPlist.strings */; };
		AA14536715AAD8D8007E968D /* OpenNavigatorTests.m in Sources */ = {isa = PBXBuildFile; fileRef = AA14536615AAD8D8007E968D /* OpenNavigatorTests.m */; };
		AA14537A15AAE96E007E968D /* OpenNavOpenGLView.m in Sources */ = {isa = PBXBuildFile; fileRef = AA14537915AAE96E007E968D /* OpenNavOpenGLView.m */; };
		AA14537D15AAEA7A007E968D /* OpenGL.framework in Frameworks */ = {isa = PBXBuildFile; fileRef = AA14537C15AAEA7A007E968D /* OpenGL.framework */; };
		AA14538C15AB561E007E968D /* TestData.osm in Resources */ = {isa = PBXBuildFile; fileRef = AA14538B15AB561E007E968D /* TestData.osm */; };
		AA14538F15AB56B0007E968D /* OpenNavOsmParser.m in Sources */ = {isa = PBXBuildFile; fileRef = AA14538E15AB56B0007E968D /* OpenNavOsmParser.m */; };
		AA14539215AB572A007E968D /* OpenNavOsmParserTests.m in Sources */ = {isa = PBXBuildFile; fileRef = AA14539115AB572A007E968D /* OpenNavOsmParserTests.m */; };
		AA44700517A0638400F5FB61 /* GLNodes.m in Sources */ = {isa = PBXBuildFile; fileRef = AA44700417A0638400F5FB61 /* GLNodes.m */; };
		AA44700817A0673900F5FB61 /* GLNodesTest.m in Sources */ = {isa = PBXBuildFile; fileRef = AA44700717A0673900F5FB61 /* GLNodesTest.m */; };
		AA44700B17A07D7D00F5FB61 /* GLWay.m in Sources */ = {isa = PBXBuildFile; fileRef = AA44700A17A07D7D00F5FB61 /* GLWay.m */; };
		AA68EC1917A14EEA00F86794 /* GLWayArea.m in Sources */ = {isa = PBXBuildFile; fileRef = AA68EC1817A14EEA00F86794 /* GLWayArea.m */; };
		AA68EC1C17A1500300F86794 /* GLWayWetland.m in Sources */ = {isa = PBXBuildFile; fileRef = AA68EC1B17A1500300F86794 /* GLWayWetland.m */; };
		AAB0BA5615AC16FE007BCA8C /* OpenNavNode.m in Sources */ = {isa = PBXBuildFile; fileRef = AAB0BA5515AC16FE007BCA8C /* OpenNavNode.m */; };
		AABE21F217A12A910012163C /* GLWayHighway.m in Sources */ = {isa = PBXBuildFile; fileRef = AABE21F117A12A910012163C /* GLWayHighway.m */; };
		AABE21F517A12CE10012163C /* GLWayCoastline.m in Sources */ = {isa = PBXBuildFile; fileRef = AABE21F417A12CE10012163C /* GLWayCoastline.m */; };
		AABE21F817A12FD30012163C /* GLWayPier.m in Sources */ = {isa = PBXBuildFile; fileRef = AABE21F717A12FD30012163C /* GLWayPier.m */; };
		AABE21FB17A131D10012163C /* GLWayLines.m in Sources */ = {isa = PBXBuildFile; fileRef = AABE21FA17A131D10012163C /* GLWayLines.m */; };
		AABE21FE17A141320012163C /* GLWayLanduse.m in Sources */ = {isa = PBXBuildFile; fileRef = AABE21FD17A141320012163C /* GLWayLanduse.m */; };
		AAC6E9B115AC4E0500457FFE /* OpenNavWay.m in Sources */ = {isa = PBXBuildFile; fileRef = AAC6E9B015AC4E0500457FFE /* OpenNavWay.m */; };
		AAC6E9B515AC5B7200457FFE /* OpenNavOSMObject.m in Sources */ = {isa = PBXBuildFile; fileRef = AAC6E9B415AC5B7200457FFE /* OpenNavOSMObject.m */; };
/* End PBXBuildFile section */

/* Begin PBXContainerItemProxy section */
		AA14535D15AAD8D8007E968D /* PBXContainerItemProxy */ = {
			isa = PBXContainerItemProxy;
			containerPortal = AA14532F15AAD8D7007E968D /* Project object */;
			proxyType = 1;
			remoteGlobalIDString = AA14533715AAD8D7007E968D;
			remoteInfo = OpenNavigator;
		};
/* End PBXContainerItemProxy section */

/* Begin PBXFileReference section */
		AA14533815AAD8D7007E968D /* OpenNavigator.app */ = {isa = PBXFileReference; explicitFileType = wrapper.application; includeInIndex = 0; path = OpenNavigator.app; sourceTree = BUILT_PRODUCTS_DIR; };
		AA14533C15AAD8D7007E968D /* Cocoa.framework */ = {isa = PBXFileReference; lastKnownFileType = wrapper.framework; name = Cocoa.framework; path = System/Library/Frameworks/Cocoa.framework; sourceTree = SDKROOT; };
		AA14533F15AAD8D7007E968D /* AppKit.framework */ = {isa = PBXFileReference; lastKnownFileType = wrapper.framework; name = AppKit.framework; path = System/Library/Frameworks/AppKit.framework; sourceTree = SDKROOT; };
		AA14534015AAD8D7007E968D /* CoreData.framework */ = {isa = PBXFileReference; lastKnownFileType = wrapper.framework; name = CoreData.framework; path = System/Library/Frameworks/CoreData.framework; sourceTree = SDKROOT; };
		AA14534115AAD8D7007E968D /* Foundation.framework */ = {isa = PBXFileReference; lastKnownFileType = wrapper.framework; name = Foundation.framework; path = System/Library/Frameworks/Foundation.framework; sourceTree = SDKROOT; };
		AA14534415AAD8D7007E968D /* OpenNavigator-Info.plist */ = {isa = PBXFileReference; lastKnownFileType = text.plist.xml; path = "OpenNavigator-Info.plist"; sourceTree = "<group>"; };
		AA14534615AAD8D7007E968D /* en */ = {isa = PBXFileReference; lastKnownFileType = text.plist.strings; name = en; path = en.lproj/InfoPlist.strings; sourceTree = "<group>"; };
		AA14534815AAD8D7007E968D /* main.m */ = {isa = PBXFileReference; lastKnownFileType = sourcecode.c.objc; path = main.m; sourceTree = "<group>"; };
		AA14534A15AAD8D7007E968D /* OpenNavigator-Prefix.pch */ = {isa = PBXFileReference; lastKnownFileType = sourcecode.c.h; path = "OpenNavigator-Prefix.pch"; sourceTree = "<group>"; };
		AA14534C15AAD8D7007E968D /* en */ = {isa = PBXFileReference; lastKnownFileType = text.rtf; name = en; path = en.lproj/Credits.rtf; sourceTree = "<group>"; };
		AA14534E15AAD8D7007E968D /* OpenNavAppDelegate.h */ = {isa = PBXFileReference; lastKnownFileType = sourcecode.c.h; path = OpenNavAppDelegate.h; sourceTree = "<group>"; };
		AA14534F15AAD8D7007E968D /* OpenNavAppDelegate.m */ = {isa = PBXFileReference; lastKnownFileType = sourcecode.c.objc; path = OpenNavAppDelegate.m; sourceTree = "<group>"; };
		AA14535215AAD8D8007E968D /* en */ = {isa = PBXFileReference; lastKnownFileType = file.xib; name = en; path = en.lproj/MainMenu.xib; sourceTree = "<group>"; };
		AA14535915AAD8D8007E968D /* OpenNavigatorTests.octest */ = {isa = PBXFileReference; explicitFileType = wrapper.cfbundle; includeInIndex = 0; path = OpenNavigatorTests.octest; sourceTree = BUILT_PRODUCTS_DIR; };
		AA14535A15AAD8D8007E968D /* SenTestingKit.framework */ = {isa = PBXFileReference; lastKnownFileType = wrapper.framework; name = SenTestingKit.framework; path = Library/Frameworks/SenTestingKit.framework; sourceTree = DEVELOPER_DIR; };
		AA14536115AAD8D8007E968D /* OpenNavigatorTests-Info.plist */ = {isa = PBXFileReference; lastKnownFileType = text.plist.xml; path = "OpenNavigatorTests-Info.plist"; sourceTree = "<group>"; };
		AA14536315AAD8D8007E968D /* en */ = {isa = PBXFileReference; lastKnownFileType = text.plist.strings; name = en; path = en.lproj/InfoPlist.strings; sourceTree = "<group>"; };
		AA14536515AAD8D8007E968D /* OpenNavigatorTests.h */ = {isa = PBXFileReference; lastKnownFileType = sourcecode.c.h; path = OpenNavigatorTests.h; sourceTree = "<group>"; };
		AA14536615AAD8D8007E968D /* OpenNavigatorTests.m */ = {isa = PBXFileReference; lastKnownFileType = sourcecode.c.objc; path = OpenNavigatorTests.m; sourceTree = "<group>"; };
		AA14537815AAE96E007E968D /* OpenNavOpenGLView.h */ = {isa = PBXFileReference; fileEncoding = 4; lastKnownFileType = sourcecode.c.h; path = OpenNavOpenGLView.h; sourceTree = "<group>"; };
		AA14537915AAE96E007E968D /* OpenNavOpenGLView.m */ = {isa = PBXFileReference; fileEncoding = 4; lastKnownFileType = sourcecode.c.objc; path = OpenNavOpenGLView.m; sourceTree = "<group>"; };
		AA14537C15AAEA7A007E968D /* OpenGL.framework */ = {isa = PBXFileReference; lastKnownFileType = wrapper.framework; name = OpenGL.framework; path = System/Library/Frameworks/OpenGL.framework; sourceTree = SDKROOT; };
		AA14538B15AB561E007E968D /* TestData.osm */ = {isa = PBXFileReference; fileEncoding = 4; lastKnownFileType = text; path = TestData.osm; sourceTree = "<group>"; };
		AA14538D15AB56B0007E968D /* OpenNavOsmParser.h */ = {isa = PBXFileReference; fileEncoding = 4; lastKnownFileType = sourcecode.c.h; path = OpenNavOsmParser.h; sourceTree = "<group>"; };
		AA14538E15AB56B0007E968D /* OpenNavOsmParser.m */ = {isa = PBXFileReference; fileEncoding = 4; lastKnownFileType = sourcecode.c.objc; path = OpenNavOsmParser.m; sourceTree = "<group>"; };
		AA14539015AB572A007E968D /* OpenNavOsmParserTests.h */ = {isa = PBXFileReference; fileEncoding = 4; lastKnownFileType = sourcecode.c.h; name = OpenNavOsmParserTests.h; path = OpenNavigatorTests/OpenNavOsmParserTests.h; sourceTree = SOURCE_ROOT; };
		AA14539115AB572A007E968D /* OpenNavOsmParserTests.m */ = {isa = PBXFileReference; fileEncoding = 4; lastKnownFileType = sourcecode.c.objc; name = OpenNavOsmParserTests.m; path = OpenNavigatorTests/OpenNavOsmParserTests.m; sourceTree = SOURCE_ROOT; };
		AA44700317A0638300F5FB61 /* GLNodes.h */ = {isa = PBXFileReference; fileEncoding = 4; lastKnownFileType = sourcecode.c.h; path = GLNodes.h; sourceTree = "<group>"; };
		AA44700417A0638400F5FB61 /* GLNodes.m */ = {isa = PBXFileReference; fileEncoding = 4; lastKnownFileType = sourcecode.c.objc; path = GLNodes.m; sourceTree = "<group>"; };
		AA44700617A0673900F5FB61 /* GLNodesTest.h */ = {isa = PBXFileReference; fileEncoding = 4; lastKnownFileType = sourcecode.c.h; path = GLNodesTest.h; sourceTree = "<group>"; };
		AA44700717A0673900F5FB61 /* GLNodesTest.m */ = {isa = PBXFileReference; fileEncoding = 4; lastKnownFileType = sourcecode.c.objc; path = GLNodesTest.m; sourceTree = "<group>"; };
		AA44700917A07D7D00F5FB61 /* GLWay.h */ = {isa = PBXFileReference; fileEncoding = 4; lastKnownFileType = sourcecode.c.h; path = GLWay.h; sourceTree = "<group>"; };
		AA44700A17A07D7D00F5FB61 /* GLWay.m */ = {isa = PBXFileReference; fileEncoding = 4; lastKnownFileType = sourcecode.c.objc; path = GLWay.m; sourceTree = "<group>"; };
		AA68EC1717A14EEA00F86794 /* GLWayArea.h */ = {isa = PBXFileReference; fileEncoding = 4; lastKnownFileType = sourcecode.c.h; path = GLWayArea.h; sourceTree = "<group>"; };
		AA68EC1817A14EEA00F86794 /* GLWayArea.m */ = {isa = PBXFileReference; fileEncoding = 4; lastKnownFileType = sourcecode.c.objc; path = GLWayArea.m; sourceTree = "<group>"; };
		AA68EC1A17A1500300F86794 /* GLWayWetland.h */ = {isa = PBXFileReference; fileEncoding = 4; lastKnownFileType = sourcecode.c.h; path = GLWayWetland.h; sourceTree = "<group>"; };
		AA68EC1B17A1500300F86794 /* GLWayWetland.m */ = {isa = PBXFileReference; fileEncoding = 4; lastKnownFileType = sourcecode.c.objc; path = GLWayWetland.m; sourceTree = "<group>"; };
		AAB0BA5415AC16FE007BCA8C /* OpenNavNode.h */ = {isa = PBXFileReference; fileEncoding = 4; lastKnownFileType = sourcecode.c.h; path = OpenNavNode.h; sourceTree = "<group>"; };
		AAB0BA5515AC16FE007BCA8C /* OpenNavNode.m */ = {isa = PBXFileReference; fileEncoding = 4; lastKnownFileType = sourcecode.c.objc; path = OpenNavNode.m; sourceTree = "<group>"; };
		AABE21F017A12A910012163C /* GLWayHighway.h */ = {isa = PBXFileReference; fileEncoding = 4; lastKnownFileType = sourcecode.c.h; path = GLWayHighway.h; sourceTree = "<group>"; };
		AABE21F117A12A910012163C /* GLWayHighway.m */ = {isa = PBXFileReference; fileEncoding = 4; lastKnownFileType = sourcecode.c.objc; path = GLWayHighway.m; sourceTree = "<group>"; };
		AABE21F317A12CE10012163C /* GLWayCoastline.h */ = {isa = PBXFileReference; fileEncoding = 4; lastKnownFileType = sourcecode.c.h; path = GLWayCoastline.h; sourceTree = "<group>"; };
		AABE21F417A12CE10012163C /* GLWayCoastline.m */ = {isa = PBXFileReference; fileEncoding = 4; lastKnownFileType = sourcecode.c.objc; path = GLWayCoastline.m; sourceTree = "<group>"; };
		AABE21F617A12FD30012163C /* GLWayPier.h */ = {isa = PBXFileReference; fileEncoding = 4; lastKnownFileType = sourcecode.c.h; path = GLWayPier.h; sourceTree = "<group>"; };
		AABE21F717A12FD30012163C /* GLWayPier.m */ = {isa = PBXFileReference; fileEncoding = 4; lastKnownFileType = sourcecode.c.objc; path = GLWayPier.m; sourceTree = "<group>"; };
		AABE21F917A131D10012163C /* GLWayLines.h */ = {isa = PBXFileReference; fileEncoding = 4; lastKnownFileType = sourcecode.c.h; path = GLWayLines.h; sourceTree = "<group>"; };
		AABE21FA17A131D10012163C /* GLWayLines.m */ = {isa = PBXFileReference; fileEncoding = 4; lastKnownFileType = sourcecode.c.objc; path = GLWayLines.m; sourceTree = "<group>"; };
		AABE21FC17A141320012163C /* GLWayLanduse.h */ = {isa = PBXFileReference; fileEncoding = 4; lastKnownFileType = sourcecode.c.h; path = GLWayLanduse.h; sourceTree = "<group>"; };
		AABE21FD17A141320012163C /* GLWayLanduse.m */ = {isa = PBXFileReference; fileEncoding = 4; lastKnownFileType = sourcecode.c.objc; path = GLWayLanduse.m; sourceTree = "<group>"; };
		AAC6E9AF15AC4E0500457FFE /* OpenNavWay.h */ = {isa = PBXFileReference; fileEncoding = 4; lastKnownFileType = sourcecode.c.h; path = OpenNavWay.h; sourceTree = "<group>"; };
		AAC6E9B015AC4E0500457FFE /* OpenNavWay.m */ = {isa = PBXFileReference; fileEncoding = 4; lastKnownFileType = sourcecode.c.objc; path = OpenNavWay.m; sourceTree = "<group>"; };
		AAC6E9B315AC5B7200457FFE /* OpenNavOSMObject.h */ = {isa = PBXFileReference; fileEncoding = 4; lastKnownFileType = sourcecode.c.h; path = OpenNavOSMObject.h; sourceTree = "<group>"; };
		AAC6E9B415AC5B7200457FFE /* OpenNavOSMObject.m */ = {isa = PBXFileReference; fileEncoding = 4; lastKnownFileType = sourcecode.c.objc; path = OpenNavOSMObject.m; sourceTree = "<group>"; };
/* End PBXFileReference section */

/* Begin PBXFrameworksBuildPhase section */
		AA14533515AAD8D7007E968D /* Frameworks */ = {
			isa = PBXFrameworksBuildPhase;
			buildActionMask = 2147483647;
			files = (
				AA14537D15AAEA7A007E968D /* OpenGL.framework in Frameworks */,
				AA14533D15AAD8D7007E968D /* Cocoa.framework in Frameworks */,
			);
			runOnlyForDeploymentPostprocessing = 0;
		};
		AA14535515AAD8D8007E968D /* Frameworks */ = {
			isa = PBXFrameworksBuildPhase;
			buildActionMask = 2147483647;
			files = (
				AA14535B15AAD8D8007E968D /* SenTestingKit.framework in Frameworks */,
				AA14535C15AAD8D8007E968D /* Cocoa.framework in Frameworks */,
			);
			runOnlyForDeploymentPostprocessing = 0;
		};
/* End PBXFrameworksBuildPhase section */

/* Begin PBXGroup section */
		AA14532D15AAD8D7007E968D = {
			isa = PBXGroup;
			children = (
				AA14537C15AAEA7A007E968D /* OpenGL.framework */,
				AA14534215AAD8D7007E968D /* OpenNavigator */,
				AA14535F15AAD8D8007E968D /* OpenNavigatorTests */,
				AA14533B15AAD8D7007E968D /* Frameworks */,
				AA14533915AAD8D7007E968D /* Products */,
			);
			sourceTree = "<group>";
		};
		AA14533915AAD8D7007E968D /* Products */ = {
			isa = PBXGroup;
			children = (
				AA14533815AAD8D7007E968D /* OpenNavigator.app */,
				AA14535915AAD8D8007E968D /* OpenNavigatorTests.octest */,
			);
			name = Products;
			sourceTree = "<group>";
		};
		AA14533B15AAD8D7007E968D /* Frameworks */ = {
			isa = PBXGroup;
			children = (
				AA14533C15AAD8D7007E968D /* Cocoa.framework */,
				AA14535A15AAD8D8007E968D /* SenTestingKit.framework */,
				AA14533E15AAD8D7007E968D /* Other Frameworks */,
			);
			name = Frameworks;
			sourceTree = "<group>";
		};
		AA14533E15AAD8D7007E968D /* Other Frameworks */ = {
			isa = PBXGroup;
			children = (
				AA14533F15AAD8D7007E968D /* AppKit.framework */,
				AA14534015AAD8D7007E968D /* CoreData.framework */,
				AA14534115AAD8D7007E968D /* Foundation.framework */,
			);
			name = "Other Frameworks";
			sourceTree = "<group>";
		};
		AA14534215AAD8D7007E968D /* OpenNavigator */ = {
			isa = PBXGroup;
			children = (
				AA14534E15AAD8D7007E968D /* OpenNavAppDelegate.h */,
				AA14534F15AAD8D7007E968D /* OpenNavAppDelegate.m */,
				AA14535115AAD8D8007E968D /* MainMenu.xib */,
				AA14534315AAD8D7007E968D /* Supporting Files */,
				AA14537815AAE96E007E968D /* OpenNavOpenGLView.h */,
				AA14537915AAE96E007E968D /* OpenNavOpenGLView.m */,
				AA14538D15AB56B0007E968D /* OpenNavOsmParser.h */,
				AA14538E15AB56B0007E968D /* OpenNavOsmParser.m */,
				AAB0BA5415AC16FE007BCA8C /* OpenNavNode.h */,
				AAB0BA5515AC16FE007BCA8C /* OpenNavNode.m */,
				AAC6E9AF15AC4E0500457FFE /* OpenNavWay.h */,
				AAC6E9B015AC4E0500457FFE /* OpenNavWay.m */,
				AAC6E9B315AC5B7200457FFE /* OpenNavOSMObject.h */,
				AAC6E9B415AC5B7200457FFE /* OpenNavOSMObject.m */,
				AA44700317A0638300F5FB61 /* GLNodes.h */,
				AA44700417A0638400F5FB61 /* GLNodes.m */,
				AA44700917A07D7D00F5FB61 /* GLWay.h */,
				AABE21F917A131D10012163C /* GLWayLines.h */,
				AABE21FA17A131D10012163C /* GLWayLines.m */,
				AABE21F317A12CE10012163C /* GLWayCoastline.h */,
				AABE21F417A12CE10012163C /* GLWayCoastline.m */,
				AABE21F017A12A910012163C /* GLWayHighway.h */,
				AABE21F117A12A910012163C /* GLWayHighway.m */,
				AA44700A17A07D7D00F5FB61 /* GLWay.m */,
				AA68EC1717A14EEA00F86794 /* GLWayArea.h */,
				AA68EC1817A14EEA00F86794 /* GLWayArea.m */,
				AABE21FC17A141320012163C /* GLWayLanduse.h */,
				AA68EC1A17A1500300F86794 /* GLWayWetland.h */,
				AA68EC1B17A1500300F86794 /* GLWayWetland.m */,
				AABE21FD17A141320012163C /* GLWayLanduse.m */,
				AABE21F617A12FD30012163C /* GLWayPier.h */,
				AABE21F717A12FD30012163C /* GLWayPier.m */,
			);
			path = OpenNavigator;
			sourceTree = "<group>";
		};
		AA14534315AAD8D7007E968D /* Supporting Files */ = {
			isa = PBXGroup;
			children = (
				AA14534415AAD8D7007E968D /* OpenNavigator-Info.plist */,
				AA14534515AAD8D7007E968D /* InfoPlist.strings */,
				AA14534815AAD8D7007E968D /* main.m */,
				AA14534A15AAD8D7007E968D /* OpenNavigator-Prefix.pch */,
				AA14534B15AAD8D7007E968D /* Credits.rtf */,
			);
			name = "Supporting Files";
			sourceTree = "<group>";
		};
		AA14535F15AAD8D8007E968D /* OpenNavigatorTests */ = {
			isa = PBXGroup;
			children = (
				AA14539015AB572A007E968D /* OpenNavOsmParserTests.h */,
				AA14539115AB572A007E968D /* OpenNavOsmParserTests.m */,
				AA14536515AAD8D8007E968D /* OpenNavigatorTests.h */,
				AA14536615AAD8D8007E968D /* OpenNavigatorTests.m */,
				AA14536015AAD8D8007E968D /* Supporting Files */,
				AA14538B15AB561E007E968D /* TestData.osm */,
				AA44700617A0673900F5FB61 /* GLNodesTest.h */,
				AA44700717A0673900F5FB61 /* GLNodesTest.m */,
			);
			path = OpenNavigatorTests;
			sourceTree = "<group>";
		};
		AA14536015AAD8D8007E968D /* Supporting Files */ = {
			isa = PBXGroup;
			children = (
				AA14536115AAD8D8007E968D /* OpenNavigatorTests-Info.plist */,
				AA14536215AAD8D8007E968D /* InfoPlist.strings */,
			);
			name = "Supporting Files";
			sourceTree = "<group>";
		};
/* End PBXGroup section */

/* Begin PBXNativeTarget section */
		AA14533715AAD8D7007E968D /* OpenNavigator */ = {
			isa = PBXNativeTarget;
			buildConfigurationList = AA14536A15AAD8D8007E968D /* Build configuration list for PBXNativeTarget "OpenNavigator" */;
			buildPhases = (
				AA14533415AAD8D7007E968D /* Sources */,
				AA14533515AAD8D7007E968D /* Frameworks */,
				AA14533615AAD8D7007E968D /* Resources */,
			);
			buildRules = (
			);
			dependencies = (
			);
			name = OpenNavigator;
			productName = OpenNavigator;
			productReference = AA14533815AAD8D7007E968D /* OpenNavigator.app */;
			productType = "com.apple.product-type.application";
		};
		AA14535815AAD8D8007E968D /* OpenNavigatorTests */ = {
			isa = PBXNativeTarget;
			buildConfigurationList = AA14536D15AAD8D8007E968D /* Build configuration list for PBXNativeTarget "OpenNavigatorTests" */;
			buildPhases = (
				AA14535415AAD8D8007E968D /* Sources */,
				AA14535515AAD8D8007E968D /* Frameworks */,
				AA14535615AAD8D8007E968D /* Resources */,
				AA14535715AAD8D8007E968D /* ShellScript */,
			);
			buildRules = (
			);
			dependencies = (
				AA14535E15AAD8D8007E968D /* PBXTargetDependency */,
			);
			name = OpenNavigatorTests;
			productName = OpenNavigatorTests;
			productReference = AA14535915AAD8D8007E968D /* OpenNavigatorTests.octest */;
			productType = "com.apple.product-type.bundle";
		};
/* End PBXNativeTarget section */

/* Begin PBXProject section */
		AA14532F15AAD8D7007E968D /* Project object */ = {
			isa = PBXProject;
			attributes = {
				LastUpgradeCheck = 0460;
			};
			buildConfigurationList = AA14533215AAD8D7007E968D /* Build configuration list for PBXProject "OpenNavigator" */;
			compatibilityVersion = "Xcode 3.2";
			developmentRegion = English;
			hasScannedForEncodings = 0;
			knownRegions = (
				en,
			);
			mainGroup = AA14532D15AAD8D7007E968D;
			productRefGroup = AA14533915AAD8D7007E968D /* Products */;
			projectDirPath = "";
			projectRoot = "";
			targets = (
				AA14533715AAD8D7007E968D /* OpenNavigator */,
				AA14535815AAD8D8007E968D /* OpenNavigatorTests */,
			);
		};
/* End PBXProject section */

/* Begin PBXResourcesBuildPhase section */
		AA14533615AAD8D7007E968D /* Resources */ = {
			isa = PBXResourcesBuildPhase;
			buildActionMask = 2147483647;
			files = (
				AA14534715AAD8D7007E968D /* InfoPlist.strings in Resources */,
				AA14534D15AAD8D7007E968D /* Credits.rtf in Resources */,
				AA14535315AAD8D8007E968D /* MainMenu.xib in Resources */,
				AA14538C15AB561E007E968D /* TestData.osm in Resources */,
			);
			runOnlyForDeploymentPostprocessing = 0;
		};
		AA14535615AAD8D8007E968D /* Resources */ = {
			isa = PBXResourcesBuildPhase;
			buildActionMask = 2147483647;
			files = (
				AA14536415AAD8D8007E968D /* InfoPlist.strings in Resources */,
			);
			runOnlyForDeploymentPostprocessing = 0;
		};
/* End PBXResourcesBuildPhase section */

/* Begin PBXShellScriptBuildPhase section */
		AA14535715AAD8D8007E968D /* ShellScript */ = {
			isa = PBXShellScriptBuildPhase;
			buildActionMask = 2147483647;
			files = (
			);
			inputPaths = (
			);
			outputPaths = (
			);
			runOnlyForDeploymentPostprocessing = 0;
			shellPath = /bin/sh;
			shellScript = "# Run the unit tests in this test bundle.\n\"${SYSTEM_DEVELOPER_DIR}/Tools/RunUnitTests\"\n";
		};
/* End PBXShellScriptBuildPhase section */

/* Begin PBXSourcesBuildPhase section */
		AA14533415AAD8D7007E968D /* Sources */ = {
			isa = PBXSourcesBuildPhase;
			buildActionMask = 2147483647;
			files = (
				AA14534915AAD8D7007E968D /* main.m in Sources */,
				AA14535015AAD8D7007E968D /* OpenNavAppDelegate.m in Sources */,
				AA14537A15AAE96E007E968D /* OpenNavOpenGLView.m in Sources */,
				AA14538F15AB56B0007E968D /* OpenNavOsmParser.m in Sources */,
				AAB0BA5615AC16FE007BCA8C /* OpenNavNode.m in Sources */,
				AAC6E9B115AC4E0500457FFE /* OpenNavWay.m in Sources */,
				AAC6E9B515AC5B7200457FFE /* OpenNavOSMObject.m in Sources */,
				AA44700517A0638400F5FB61 /* GLNodes.m in Sources */,
				AA44700B17A07D7D00F5FB61 /* GLWay.m in Sources */,
				AABE21F217A12A910012163C /* GLWayHighway.m in Sources */,
				AABE21F517A12CE10012163C /* GLWayCoastline.m in Sources */,
				AABE21F817A12FD30012163C /* GLWayPier.m in Sources */,
				AABE21FB17A131D10012163C /* GLWayLines.m in Sources */,
				AABE21FE17A141320012163C /* GLWayLanduse.m in Sources */,
				AA68EC1917A14EEA00F86794 /* GLWayArea.m in Sources */,
				AA68EC1C17A1500300F86794 /* GLWayWetland.m in Sources */,
			);
			runOnlyForDeploymentPostprocessing = 0;
		};
		AA14535415AAD8D8007E968D /* Sources */ = {
			isa = PBXSourcesBuildPhase;
			buildActionMask = 2147483647;
			files = (
				AA14536715AAD8D8007E968D /* OpenNavigatorTests.m in Sources */,
				AA14539215AB572A007E968D /* OpenNavOsmParserTests.m in Sources */,
				AA44700817A0673900F5FB61 /* GLNodesTest.m in Sources */,
			);
			runOnlyForDeploymentPostprocessing = 0;
		};
/* End PBXSourcesBuildPhase section */

/* Begin PBXTargetDependency section */
		AA14535E15AAD8D8007E968D /* PBXTargetDependency */ = {
			isa = PBXTargetDependency;
			target = AA14533715AAD8D7007E968D /* OpenNavigator */;
			targetProxy = AA14535D15AAD8D8007E968D /* PBXContainerItemProxy */;
		};
/* End PBXTargetDependency section */

/* Begin PBXVariantGroup section */
		AA14534515AAD8D7007E968D /* InfoPlist.strings */ = {
			isa = PBXVariantGroup;
			children = (
				AA14534615AAD8D7007E968D /* en */,
			);
			name = InfoPlist.strings;
			sourceTree = "<group>";
		};
		AA14534B15AAD8D7007E968D /* Credits.rtf */ = {
			isa = PBXVariantGroup;
			children = (
				AA14534C15AAD8D7007E968D /* en */,
			);
			name = Credits.rtf;
			sourceTree = "<group>";
		};
		AA14535115AAD8D8007E968D /* MainMenu.xib */ = {
			isa = PBXVariantGroup;
			children = (
				AA14535215AAD8D8007E968D /* en */,
			);
			name = MainMenu.xib;
			sourceTree = "<group>";
		};
		AA14536215AAD8D8007E968D /* InfoPlist.strings */ = {
			isa = PBXVariantGroup;
			children = (
				AA14536315AAD8D8007E968D /* en */,
			);
			name = InfoPlist.strings;
			sourceTree = "<group>";
		};
/* End PBXVariantGroup section */

/* Begin XCBuildConfiguration section */
		AA14536815AAD8D8007E968D /* Debug */ = {
			isa = XCBuildConfiguration;
			buildSettings = {
				ALWAYS_SEARCH_USER_PATHS = NO;
				ARCHS = "$(ARCHS_STANDARD_64_BIT)";
				CLANG_ENABLE_OBJC_ARC = YES;
				CLANG_WARN_CONSTANT_CONVERSION = YES;
				CLANG_WARN_ENUM_CONVERSION = YES;
				CLANG_WARN_INT_CONVERSION = YES;
				CLANG_WARN__DUPLICATE_METHOD_MATCH = YES;
				COPY_PHASE_STRIP = NO;
				GCC_C_LANGUAGE_STANDARD = gnu99;
				GCC_DYNAMIC_NO_PIC = NO;
				GCC_ENABLE_OBJC_EXCEPTIONS = YES;
				GCC_OPTIMIZATION_LEVEL = 0;
				GCC_PREPROCESSOR_DEFINITIONS = (
					"DEBUG=1",
					"$(inherited)",
				);
				GCC_SYMBOLS_PRIVATE_EXTERN = NO;
				GCC_VERSION = com.apple.compilers.llvm.clang.1_0;
				GCC_WARN_64_TO_32_BIT_CONVERSION = YES;
				GCC_WARN_ABOUT_MISSING_PROTOTYPES = YES;
				GCC_WARN_ABOUT_RETURN_TYPE = YES;
				GCC_WARN_UNINITIALIZED_AUTOS = YES;
				GCC_WARN_UNUSED_VARIABLE = YES;
				MACOSX_DEPLOYMENT_TARGET = 10.7;
				ONLY_ACTIVE_ARCH = YES;
				SDKROOT = macosx;
			};
			name = Debug;
		};
		AA14536915AAD8D8007E968D /* Release */ = {
			isa = XCBuildConfiguration;
			buildSettings = {
				ALWAYS_SEARCH_USER_PATHS = NO;
				ARCHS = "$(ARCHS_STANDARD_64_BIT)";
				CLANG_ENABLE_OBJC_ARC = YES;
				CLANG_WARN_CONSTANT_CONVERSION = YES;
				CLANG_WARN_ENUM_CONVERSION = YES;
				CLANG_WARN_INT_CONVERSION = YES;
				CLANG_WARN__DUPLICATE_METHOD_MATCH = YES;
				COPY_PHASE_STRIP = YES;
				DEBUG_INFORMATION_FORMAT = "dwarf-with-dsym";
				GCC_C_LANGUAGE_STANDARD = gnu99;
				GCC_ENABLE_OBJC_EXCEPTIONS = YES;
				GCC_VERSION = com.apple.compilers.llvm.clang.1_0;
				GCC_WARN_64_TO_32_BIT_CONVERSION = YES;
				GCC_WARN_ABOUT_MISSING_PROTOTYPES = YES;
				GCC_WARN_ABOUT_RETURN_TYPE = YES;
				GCC_WARN_UNINITIALIZED_AUTOS = YES;
				GCC_WARN_UNUSED_VARIABLE = YES;
				MACOSX_DEPLOYMENT_TARGET = 10.7;
				SDKROOT = macosx;
			};
			name = Release;
		};
		AA14536B15AAD8D8007E968D /* Debug */ = {
			isa = XCBuildConfiguration;
			buildSettings = {
				COMBINE_HIDPI_IMAGES = YES;
				GCC_PRECOMPILE_PREFIX_HEADER = YES;
				GCC_PREFIX_HEADER = "OpenNavigator/OpenNavigator-Prefix.pch";
				INFOPLIST_FILE = "OpenNavigator/OpenNavigator-Info.plist";
				PRODUCT_NAME = "$(TARGET_NAME)";
				WRAPPER_EXTENSION = app;
			};
			name = Debug;
		};
		AA14536C15AAD8D8007E968D /* Release */ = {
			isa = XCBuildConfiguration;
			buildSettings = {
				COMBINE_HIDPI_IMAGES = YES;
				GCC_PRECOMPILE_PREFIX_HEADER = YES;
				GCC_PREFIX_HEADER = "OpenNavigator/OpenNavigator-Prefix.pch";
				INFOPLIST_FILE = "OpenNavigator/OpenNavigator-Info.plist";
				PRODUCT_NAME = "$(TARGET_NAME)";
				WRAPPER_EXTENSION = app;
			};
			name = Release;
		};
		AA14536E15AAD8D8007E968D /* Debug */ = {
			isa = XCBuildConfiguration;
			buildSettings = {
				BUNDLE_LOADER = "$(BUILT_PRODUCTS_DIR)/OpenNavigator.app/Contents/MacOS/OpenNavigator";
				COMBINE_HIDPI_IMAGES = YES;
				FRAMEWORK_SEARCH_PATHS = "$(DEVELOPER_LIBRARY_DIR)/Frameworks";
				GCC_PRECOMPILE_PREFIX_HEADER = YES;
				GCC_PREFIX_HEADER = "OpenNavigator/OpenNavigator-Prefix.pch";
				INFOPLIST_FILE = "OpenNavigatorTests/OpenNavigatorTests-Info.plist";
				PRODUCT_NAME = "$(TARGET_NAME)";
				TEST_HOST = "$(BUNDLE_LOADER)";
				WRAPPER_EXTENSION = octest;
			};
			name = Debug;
		};
		AA14536F15AAD8D8007E968D /* Release */ = {
			isa = XCBuildConfiguration;
			buildSettings = {
				BUNDLE_LOADER = "$(BUILT_PRODUCTS_DIR)/OpenNavigator.app/Contents/MacOS/OpenNavigator";
				COMBINE_HIDPI_IMAGES = YES;
				FRAMEWORK_SEARCH_PATHS = "$(DEVELOPER_LIBRARY_DIR)/Frameworks";
				GCC_PRECOMPILE_PREFIX_HEADER = YES;
				GCC_PREFIX_HEADER = "OpenNavigator/OpenNavigator-Prefix.pch";
				INFOPLIST_FILE = "OpenNavigatorTests/OpenNavigatorTests-Info.plist";
				PRODUCT_NAME = "$(TARGET_NAME)";
				TEST_HOST = "$(BUNDLE_LOADER)";
				WRAPPER_EXTENSION = octest;
			};
			name = Release;
		};
/* End XCBuildConfiguration section */

/* Begin XCConfigurationList section */
		AA14533215AAD8D7007E968D /* Build configuration list for PBXProject "OpenNavigator" */ = {
			isa = XCConfigurationList;
			buildConfigurations = (
				AA14536815AAD8D8007E968D /* Debug */,
				AA14536915AAD8D8007E968D /* Release */,
			);
			defaultConfigurationIsVisible = 0;
			defaultConfigurationName = Release;
		};
		AA14536A15AAD8D8007E968D /* Build configuration list for PBXNativeTarget "OpenNavigator" */ = {
			isa = XCConfigurationList;
			buildConfigurations = (
				AA14536B15AAD8D8007E968D /* Debug */,
				AA14536C15AAD8D8007E968D /* Release */,
			);
			defaultConfigurationIsVisible = 0;
			defaultConfigurationName = Release;
		};
		AA14536D15AAD8D8007E968D /* Build configuration list for PBXNativeTarget "OpenNavigatorTests" */ = {
			isa = XCConfigurationList;
			buildConfigurations = (
				AA14536E15AAD8D8007E968D /* Debug */,
				AA14536F15AAD8D8007E968D /* Release */,
			);
			defaultConfigurationIsVisible = 0;
			defaultConfigurationName = Release;
		};
/* End XCConfigurationList section */
	};
	rootObject = AA14532F15AAD8D7007E968D /* Project object */;
}
